Microsoft Visual Studio Solution File, Format Version 8.00
Project("{F184B08F-C81C-45F6-A57F-5ABD9991F28F}") = "test 2.0 framework", "test 2.0 framework.vbproj", "{AD6D63B8-37D1-4666-9BC5-84C260DBF4F7}"
	ProjectSection(ProjectDependencies) = postProject
	EndProjectSection
EndProject
Global
	GlobalSection(SolutionConfiguration) = preSolution
		Debug = Debug
		Release = Release
	EndGlobalSection
	GlobalSection(ProjectConfiguration) = postSolution
		{AD6D63B8-37D1-4666-9BC5-84C260DBF4F7}.Debug.ActiveCfg = Debug|.NET
		{AD6D63B8-37D1-4666-9BC5-84C260DBF4F7}.Debug.Build.0 = Debug|.NET
		{AD6D63B8-37D1-4666-9BC5-84C260DBF4F7}.Release.ActiveCfg = Release|.NET
		{AD6D63B8-37D1-4666-9BC5-84C260DBF4F7}.Release.Build.0 = Release|.NET
	EndGlobalSection
	GlobalSection(ExtensibilityGlobals) = postSolution
	EndGlobalSection
	GlobalSection(ExtensibilityAddIns) = postSolution
	EndGlobalSection
EndGlobal
