
Microsoft Visual Studio Solution File, Format Version 10.00
# Visual Studio 2008
Project("{F184B08F-C81C-45F6-A57F-5ABD9991F28F}") = "FilesAndDirectories", "FilesAndDirectories\FilesAndDirectories.vbproj", "{D608C9F0-73F3-4D07-9AA5-25A536150F4D}"
EndProject
Global
	GlobalSection(SolutionConfigurationPlatforms) = preSolution
		Debug|Any CPU = Debug|Any CPU
		Release|Any CPU = Release|Any CPU
	EndGlobalSection
	GlobalSection(ProjectConfigurationPlatforms) = postSolution
		{D608C9F0-73F3-4D07-9AA5-25A536150F4D}.Debug|Any CPU.ActiveCfg = Debug|Any CPU
		{D608C9F0-73F3-4D07-9AA5-25A536150F4D}.Debug|Any CPU.Build.0 = Debug|Any CPU
		{D608C9F0-73F3-4D07-9AA5-25A536150F4D}.Release|Any CPU.ActiveCfg = Release|Any CPU
		{D608C9F0-73F3-4D07-9AA5-25A536150F4D}.Release|Any CPU.Build.0 = Release|Any CPU
	EndGlobalSection
	GlobalSection(SolutionProperties) = preSolution
		HideSolutionNode = FALSE
	EndGlobalSection
EndGlobal
