Microsoft Visual Studio Solution File, Format Version 7.00
Project("{8BC9CEB8-8B4A-11D0-8D11-00A0C91BC942}") = "customer", "customer.vcproj", "{AEB151B3-3175-41CD-97B3-2638BB5EE2ED}"
EndProject
Global
	GlobalSection(SolutionConfiguration) = preSolution
		ConfigName.0 = Debug
		ConfigName.1 = Release
	EndGlobalSection
	GlobalSection(ProjectDependencies) = postSolution
	EndGlobalSection
	GlobalSection(ProjectConfiguration) = postSolution
		{AEB151B3-3175-41CD-97B3-2638BB5EE2ED}.Debug.ActiveCfg = Debug|Win32
		{AEB151B3-3175-41CD-97B3-2638BB5EE2ED}.Debug.Build.0 = Debug|Win32
		{AEB151B3-3175-41CD-97B3-2638BB5EE2ED}.Release.ActiveCfg = Release|Win32
		{AEB151B3-3175-41CD-97B3-2638BB5EE2ED}.Release.Build.0 = Release|Win32
	EndGlobalSection
	GlobalSection(ExtensibilityGlobals) = postSolution
	EndGlobalSection
	GlobalSection(ExtensibilityAddIns) = postSolution
	EndGlobalSection
EndGlobal
