Microsoft Visual Studio Solution File, Format Version 8.00
Project("{54435603-DBB4-11D2-8724-00A0C9A8B90C}") = "EarTrainingSetup", "EarTrainingSetup.vdproj", "{E6403CDD-6292-4C83-8852-FC6A4C62488F}"
	ProjectSection(ProjectDependencies) = postProject
	EndProjectSection
EndProject
Global
	GlobalSection(SolutionConfiguration) = preSolution
		Debug = Debug
		Release = Release
	EndGlobalSection
	GlobalSection(ProjectConfiguration) = postSolution
		{E6403CDD-6292-4C83-8852-FC6A4C62488F}.Debug.ActiveCfg = Debug
		{E6403CDD-6292-4C83-8852-FC6A4C62488F}.Debug.Build.0 = Debug
		{E6403CDD-6292-4C83-8852-FC6A4C62488F}.Release.ActiveCfg = Release
		{E6403CDD-6292-4C83-8852-FC6A4C62488F}.Release.Build.0 = Release
	EndGlobalSection
	GlobalSection(ExtensibilityGlobals) = postSolution
	EndGlobalSection
	GlobalSection(ExtensibilityAddIns) = postSolution
	EndGlobalSection
EndGlobal
