
Microsoft Visual Studio Solution File, Format Version 10.00
# Visual Studio 2008
Project("{F184B08F-C81C-45F6-A57F-5ABD9991F28F}") = "TestSystray", "TestSystray\TestSystray.vbproj", "{34ADC578-3F92-4716-A545-F9419E787FD3}"
EndProject
Global
	GlobalSection(SolutionConfigurationPlatforms) = preSolution
		Debug|Any CPU = Debug|Any CPU
		Release|Any CPU = Release|Any CPU
	EndGlobalSection
	GlobalSection(ProjectConfigurationPlatforms) = postSolution
		{34ADC578-3F92-4716-A545-F9419E787FD3}.Debug|Any CPU.ActiveCfg = Debug|Any CPU
		{34ADC578-3F92-4716-A545-F9419E787FD3}.Debug|Any CPU.Build.0 = Debug|Any CPU
		{34ADC578-3F92-4716-A545-F9419E787FD3}.Release|Any CPU.ActiveCfg = Release|Any CPU
		{34ADC578-3F92-4716-A545-F9419E787FD3}.Release|Any CPU.Build.0 = Release|Any CPU
	EndGlobalSection
	GlobalSection(SolutionProperties) = preSolution
		HideSolutionNode = FALSE
	EndGlobalSection
EndGlobal
